{
    "name": "neptunecss-js",
    "version": "1.1.1",
    "lockfileVersion": 3,
    "requires": true,
    "packages": {
        "": {
            "name": "neptunecss-js",
            "version": "1.1.0",
            "license": "MIT",
            "dependencies": {
                "neptunecss": "^1.0.0"
            }
        },
        "node_modules/neptunecss": {
            "version": "1.0.1",
            "resolved": "https://registry.npmjs.org/neptunecss/-/neptunecss-1.0.1.tgz",
            "integrity": "sha512-m9lFBdHGa3C6aqMJngZ3xTtzy+4VldLIbbJkbvFUdqSnizRLEdQwOWtJbIjJvqNABeavFPd1vmLdIHVgVtBWvA=="
        }
    }
}
